
Microsoft Visual Studio Solution File, Format Version 12.00
# Visual Studio Version 17
VisualStudioVersion = 17.11.35327.3
MinimumVisualStudioVersion = 10.0.40219.1
Project("{8BC9CEB8-8B4A-11D0-8D11-00A0C91BC942}") = "Assignment 1 ( pig Latin form )", "Assignment 1 ( pig Latin form )\Assignment 1 ( pig Latin form ).vcxproj", "{66DB5EDA-76B0-4007-8D9D-D1A9E7A3ECAA}"
EndProject
Global
	GlobalSection(SolutionConfigurationPlatforms) = preSolution
		Debug|x64 = Debug|x64
		Debug|x86 = Debug|x86
		Release|x64 = Release|x64
		Release|x86 = Release|x86
	EndGlobalSection
	GlobalSection(ProjectConfigurationPlatforms) = postSolution
		{66DB5EDA-76B0-4007-8D9D-D1A9E7A3ECAA}.Debug|x64.ActiveCfg = Debug|x64
		{66DB5EDA-76B0-4007-8D9D-D1A9E7A3ECAA}.Debug|x64.Build.0 = Debug|x64
		{66DB5EDA-76B0-4007-8D9D-D1A9E7A3ECAA}.Debug|x86.ActiveCfg = Debug|Win32
		{66DB5EDA-76B0-4007-8D9D-D1A9E7A3ECAA}.Debug|x86.Build.0 = Debug|Win32
		{66DB5EDA-76B0-4007-8D9D-D1A9E7A3ECAA}.Release|x64.ActiveCfg = Release|x64
		{66DB5EDA-76B0-4007-8D9D-D1A9E7A3ECAA}.Release|x64.Build.0 = Release|x64
		{66DB5EDA-76B0-4007-8D9D-D1A9E7A3ECAA}.Release|x86.ActiveCfg = Release|Win32
		{66DB5EDA-76B0-4007-8D9D-D1A9E7A3ECAA}.Release|x86.Build.0 = Release|Win32
	EndGlobalSection
	GlobalSection(SolutionProperties) = preSolution
		HideSolutionNode = FALSE
	EndGlobalSection
	GlobalSection(ExtensibilityGlobals) = postSolution
		SolutionGuid = {D807E521-FD73-4774-AF8D-32FE3019D6EF}
	EndGlobalSection
EndGlobal
