
Microsoft Visual Studio Solution File, Format Version 12.00
# Visual Studio Version 17
VisualStudioVersion = 17.14.37314.3 d17.14
MinimumVisualStudioVersion = 10.0.40219.1
Project("{8BC9CEB8-8B4A-11D0-8D11-00A0C91BC942}") = "kth missing integer", "kth missing integer\kth missing integer.vcxproj", "{613B9DBB-E9F7-403A-96E1-2CD193639122}"
EndProject
Global
	GlobalSection(SolutionConfigurationPlatforms) = preSolution
		Debug|x64 = Debug|x64
		Debug|x86 = Debug|x86
		Release|x64 = Release|x64
		Release|x86 = Release|x86
	EndGlobalSection
	GlobalSection(ProjectConfigurationPlatforms) = postSolution
		{613B9DBB-E9F7-403A-96E1-2CD193639122}.Debug|x64.ActiveCfg = Debug|x64
		{613B9DBB-E9F7-403A-96E1-2CD193639122}.Debug|x64.Build.0 = Debug|x64
		{613B9DBB-E9F7-403A-96E1-2CD193639122}.Debug|x86.ActiveCfg = Debug|Win32
		{613B9DBB-E9F7-403A-96E1-2CD193639122}.Debug|x86.Build.0 = Debug|Win32
		{613B9DBB-E9F7-403A-96E1-2CD193639122}.Release|x64.ActiveCfg = Release|x64
		{613B9DBB-E9F7-403A-96E1-2CD193639122}.Release|x64.Build.0 = Release|x64
		{613B9DBB-E9F7-403A-96E1-2CD193639122}.Release|x86.ActiveCfg = Release|Win32
		{613B9DBB-E9F7-403A-96E1-2CD193639122}.Release|x86.Build.0 = Release|Win32
	EndGlobalSection
	GlobalSection(SolutionProperties) = preSolution
		HideSolutionNode = FALSE
	EndGlobalSection
	GlobalSection(ExtensibilityGlobals) = postSolution
		SolutionGuid = {DDDDD991-C80B-4EA4-B082-B9039E49755B}
	EndGlobalSection
EndGlobal
